
Microsoft Visual Studio Solution File, Format Version 12.00
# Visual Studio Version 16
VisualStudioVersion = 16.0.30225.117
MinimumVisualStudioVersion = 10.0.40219.1
Project("{FAE04EC0-301F-11D3-BF4B-00C04F79EFBC}") = "Assessment", "Assessment\Assessment.csproj", "{D6593345-1881-41DA-BD47-08E439D5F779}"
EndProject
Global
	GlobalSection(SolutionConfigurationPlatforms) = preSolution
		Debug|Any CPU = Debug|Any CPU
		Release|Any CPU = Release|Any CPU
	EndGlobalSection
	GlobalSection(ProjectConfigurationPlatforms) = postSolution
		{D6593345-1881-41DA-BD47-08E439D5F779}.Debug|Any CPU.ActiveCfg = Debug|Any CPU
		{D6593345-1881-41DA-BD47-08E439D5F779}.Debug|Any CPU.Build.0 = Debug|Any CPU
		{D6593345-1881-41DA-BD47-08E439D5F779}.Release|Any CPU.ActiveCfg = Release|Any CPU
		{D6593345-1881-41DA-BD47-08E439D5F779}.Release|Any CPU.Build.0 = Release|Any CPU
	EndGlobalSection
	GlobalSection(SolutionProperties) = preSolution
		HideSolutionNode = FALSE
	EndGlobalSection
	GlobalSection(ExtensibilityGlobals) = postSolution
		SolutionGuid = {9396B564-6646-428E-8DF5-75A4BAEDB891}
	EndGlobalSection
EndGlobal
